
Microsoft Visual Studio Solution File, Format Version 12.00
# Visual Studio 15
VisualStudioVersion = 15.0.27703.2026
MinimumVisualStudioVersion = 10.0.40219.1
Project("{FAE04EC0-301F-11D3-BF4B-00C04F79EFBC}") = "UInspectorPlus", "UInspectorPlus\UInspectorPlus.csproj", "{ED15464C-BD9D-4667-A74B-FF2FE16C4C27}"
EndProject
Global
	GlobalSection(SolutionConfigurationPlatforms) = preSolution
		Debug|Any CPU = Debug|Any CPU
		Release|Any CPU = Release|Any CPU
	EndGlobalSection
	GlobalSection(ProjectConfigurationPlatforms) = postSolution
		{ED15464C-BD9D-4667-A74B-FF2FE16C4C27}.Debug|Any CPU.ActiveCfg = Debug|Any CPU
		{ED15464C-BD9D-4667-A74B-FF2FE16C4C27}.Debug|Any CPU.Build.0 = Debug|Any CPU
		{ED15464C-BD9D-4667-A74B-FF2FE16C4C27}.Release|Any CPU.ActiveCfg = Release|Any CPU
		{ED15464C-BD9D-4667-A74B-FF2FE16C4C27}.Release|Any CPU.Build.0 = Release|Any CPU
	EndGlobalSection
	GlobalSection(SolutionProperties) = preSolution
		HideSolutionNode = FALSE
	EndGlobalSection
	GlobalSection(ExtensibilityGlobals) = postSolution
		SolutionGuid = {A09BDD71-41E8-4F51-9345-E614A21EA7A5}
	EndGlobalSection
EndGlobal
